{
  "name": "signalk-tempest",
  "version": "1.1.0",
  "lockfileVersion": 3,
  "requires": true,
  "packages": {
    "": {
      "name": "signalk-tempest",
      "version": "1.1.0",
      "license": "Apache 2.0",
      "dependencies": {
        "signalk-tempest": "^1.1.0"
      }
    },
    "node_modules/signalk-tempest": {
      "version": "1.1.0",
      "resolved": "https://registry.npmjs.org/signalk-tempest/-/signalk-tempest-1.1.0.tgz",
      "integrity": "sha512-P5mOI3N4tRbsx+yLA0I4DFwKjNmzOu9tPwJTDKftumRQuYkT5gcbbv7o8zpWwQV5cguvhBcA6W5kwCJivHogTw==",
      "license": "Apache 2.0"
    }
  }
}
